
Microsoft Visual Studio Solution File, Format Version 12.00
# Visual Studio Version 17
VisualStudioVersion = 17.1.32228.430
MinimumVisualStudioVersion = 10.0.40219.1
Project("{2150E333-8FDC-42A3-9474-1A3956D46DE8}") = "1. Solid", "1. Solid", "{88AC2D7C-F4C9-4FD4-B3C9-7A052DE574E2}"
EndProject
Project("{2150E333-8FDC-42A3-9474-1A3956D46DE8}") = "1.1 Single Responsibility", "1.1 Single Responsibility", "{61330A57-B0C8-4691-95CD-6925E15C6750}"
EndProject
Project("{9A19103F-16F7-4668-BE54-9A1E7A4F7556}") = "SingleResponsibility", "1. SOLID\1.1 Single Responsibility\SingleResponsibility\SingleResponsibility.csproj", "{BB55AB78-1497-458F-A739-A3C0EC42D85F}"
EndProject
Project("{2150E333-8FDC-42A3-9474-1A3956D46DE8}") = "1.2 OpenClose", "1.2 OpenClose", "{F8FFCD07-7935-4A08-8266-5946BD1CFF1A}"
EndProject
Project("{9A19103F-16F7-4668-BE54-9A1E7A4F7556}") = "OpenClosePrinciple", "1. SOLID\1.2 OpenClose\OpenClosePrinciple\OpenClosePrinciple.csproj", "{06990589-14EE-409C-969E-9EE151B44301}"
EndProject
Project("{2150E333-8FDC-42A3-9474-1A3956D46DE8}") = "1.3 LiskovSubstitution", "1.3 LiskovSubstitution", "{8C75DAD3-56FB-48C0-9E45-0E7B26A82A02}"
EndProject
Project("{9A19103F-16F7-4668-BE54-9A1E7A4F7556}") = "LiskovSubstitutionPrincipel", "1. SOLID\1.3 LiskovSubstitution\LiskovSubstitutionPrincipel\LiskovSubstitutionPrincipel.csproj", "{834D6E73-FC4E-45E9-ADDC-54104C14B853}"
EndProject
Project("{2150E333-8FDC-42A3-9474-1A3956D46DE8}") = "1.4 InterfaceSegregation", "1.4 InterfaceSegregation", "{673AB697-09AC-4118-8611-177F26C0F4AE}"
EndProject
Project("{9A19103F-16F7-4668-BE54-9A1E7A4F7556}") = "InterfaceSegregationPrinciple", "1. SOLID\1.4 InterfaceSegregation\InterfaceSegregationPrinciple\InterfaceSegregationPrinciple.csproj", "{7D97872B-9843-4FCF-8C65-3B21665E73CD}"
EndProject
Project("{2150E333-8FDC-42A3-9474-1A3956D46DE8}") = "1.5 DependencyInversion", "1.5 DependencyInversion", "{702A2BDE-5AE7-4F6D-94FA-8108D45FDE9A}"
EndProject
Project("{9A19103F-16F7-4668-BE54-9A1E7A4F7556}") = "DependencyInversionPrinciple", "1. SOLID\1.5 DependencyInversion\DependencyInversionPrinciple\DependencyInversionPrinciple.csproj", "{2DAD27FC-9DA9-4E9A-AE35-9B02812FF255}"
EndProject
Project("{2150E333-8FDC-42A3-9474-1A3956D46DE8}") = "2. PatronesCreacionales", "2. PatronesCreacionales", "{175382F6-6390-4919-85F2-3F34E16B9CF6}"
EndProject
Project("{2150E333-8FDC-42A3-9474-1A3956D46DE8}") = "3. PatronesEstructurales", "3. PatronesEstructurales", "{E1DF4632-4601-4F24-B603-F9BF217F36AC}"
EndProject
Project("{2150E333-8FDC-42A3-9474-1A3956D46DE8}") = "4. PatronesComportamiento", "4. PatronesComportamiento", "{4E0E44BC-D0AD-43F8-A52E-3983B361C636}"
EndProject
Project("{2150E333-8FDC-42A3-9474-1A3956D46DE8}") = "2.1 Builder", "2.1 Builder", "{05374AAA-7290-41F6-8E33-4C431AE4DAEF}"
EndProject
Project("{9A19103F-16F7-4668-BE54-9A1E7A4F7556}") = "Builder", "2. PatronesCreacionales\2.1 Builder\Builder\Builder.csproj", "{649A3CB7-ACA7-4474-BCB7-310B7506056B}"
EndProject
Project("{9A19103F-16F7-4668-BE54-9A1E7A4F7556}") = "BuilderFluent", "2. PatronesCreacionales\2.1 Builder\BuilderFluent\BuilderFluent.csproj", "{4A6E7EE6-BA1C-4660-90A1-369E48E43E4B}"
EndProject
Project("{9A19103F-16F7-4668-BE54-9A1E7A4F7556}") = "TestBuilder", "2. PatronesCreacionales\2.1 Builder\TestBuilder\TestBuilder.csproj", "{A0CD2BDB-A652-46C0-AAB1-E61AD18892FD}"
EndProject
Project("{2150E333-8FDC-42A3-9474-1A3956D46DE8}") = "2.2 Factory", "2.2 Factory", "{C90F9738-D575-4854-B1B7-A9C6B042954E}"
EndProject
Project("{9A19103F-16F7-4668-BE54-9A1E7A4F7556}") = "FactoryPatter", "2. PatronesCreacionales\2.2 Factory\FactoryPatter\FactoryPatter.csproj", "{C6B169B8-B0BB-44FA-8AFD-AFCF33941CD8}"
EndProject
Project("{2150E333-8FDC-42A3-9474-1A3956D46DE8}") = "2.3 Prototype", "2.3 Prototype", "{F85CBEDA-B4CE-4EC9-B2D4-AF849BD4795E}"
EndProject
Project("{9A19103F-16F7-4668-BE54-9A1E7A4F7556}") = "PrototypePatter", "PrototypePatter\PrototypePatter.csproj", "{6EC398E1-F6DA-43A7-807E-419A2774FFD8}"
EndProject
Project("{2150E333-8FDC-42A3-9474-1A3956D46DE8}") = "2.4 Singleton", "2.4 Singleton", "{010BFF3D-C26E-4041-8A4A-1350452E435C}"
EndProject
Project("{FAE04EC0-301F-11D3-BF4B-00C04F79EFBC}") = "SingletonPattern", "2. PatronesCreacionales\2.4 Singleton\SingletonPattern\SingletonPattern.csproj", "{CE0C74DC-B94B-4E31-9063-B19BF123FC48}"
EndProject
Global
	GlobalSection(SolutionConfigurationPlatforms) = preSolution
		Debug|Any CPU = Debug|Any CPU
		Release|Any CPU = Release|Any CPU
	EndGlobalSection
	GlobalSection(ProjectConfigurationPlatforms) = postSolution
		{BB55AB78-1497-458F-A739-A3C0EC42D85F}.Debug|Any CPU.ActiveCfg = Debug|Any CPU
		{BB55AB78-1497-458F-A739-A3C0EC42D85F}.Debug|Any CPU.Build.0 = Debug|Any CPU
		{BB55AB78-1497-458F-A739-A3C0EC42D85F}.Release|Any CPU.ActiveCfg = Release|Any CPU
		{BB55AB78-1497-458F-A739-A3C0EC42D85F}.Release|Any CPU.Build.0 = Release|Any CPU
		{06990589-14EE-409C-969E-9EE151B44301}.Debug|Any CPU.ActiveCfg = Debug|Any CPU
		{06990589-14EE-409C-969E-9EE151B44301}.Debug|Any CPU.Build.0 = Debug|Any CPU
		{06990589-14EE-409C-969E-9EE151B44301}.Release|Any CPU.ActiveCfg = Release|Any CPU
		{06990589-14EE-409C-969E-9EE151B44301}.Release|Any CPU.Build.0 = Release|Any CPU
		{834D6E73-FC4E-45E9-ADDC-54104C14B853}.Debug|Any CPU.ActiveCfg = Debug|Any CPU
		{834D6E73-FC4E-45E9-ADDC-54104C14B853}.Debug|Any CPU.Build.0 = Debug|Any CPU
		{834D6E73-FC4E-45E9-ADDC-54104C14B853}.Release|Any CPU.ActiveCfg = Release|Any CPU
		{834D6E73-FC4E-45E9-ADDC-54104C14B853}.Release|Any CPU.Build.0 = Release|Any CPU
		{7D97872B-9843-4FCF-8C65-3B21665E73CD}.Debug|Any CPU.ActiveCfg = Debug|Any CPU
		{7D97872B-9843-4FCF-8C65-3B21665E73CD}.Debug|Any CPU.Build.0 = Debug|Any CPU
		{7D97872B-9843-4FCF-8C65-3B21665E73CD}.Release|Any CPU.ActiveCfg = Release|Any CPU
		{7D97872B-9843-4FCF-8C65-3B21665E73CD}.Release|Any CPU.Build.0 = Release|Any CPU
		{2DAD27FC-9DA9-4E9A-AE35-9B02812FF255}.Debug|Any CPU.ActiveCfg = Debug|Any CPU
		{2DAD27FC-9DA9-4E9A-AE35-9B02812FF255}.Debug|Any CPU.Build.0 = Debug|Any CPU
		{2DAD27FC-9DA9-4E9A-AE35-9B02812FF255}.Release|Any CPU.ActiveCfg = Release|Any CPU
		{2DAD27FC-9DA9-4E9A-AE35-9B02812FF255}.Release|Any CPU.Build.0 = Release|Any CPU
		{649A3CB7-ACA7-4474-BCB7-310B7506056B}.Debug|Any CPU.ActiveCfg = Debug|Any CPU
		{649A3CB7-ACA7-4474-BCB7-310B7506056B}.Debug|Any CPU.Build.0 = Debug|Any CPU
		{649A3CB7-ACA7-4474-BCB7-310B7506056B}.Release|Any CPU.ActiveCfg = Release|Any CPU
		{649A3CB7-ACA7-4474-BCB7-310B7506056B}.Release|Any CPU.Build.0 = Release|Any CPU
		{4A6E7EE6-BA1C-4660-90A1-369E48E43E4B}.Debug|Any CPU.ActiveCfg = Debug|Any CPU
		{4A6E7EE6-BA1C-4660-90A1-369E48E43E4B}.Debug|Any CPU.Build.0 = Debug|Any CPU
		{4A6E7EE6-BA1C-4660-90A1-369E48E43E4B}.Release|Any CPU.ActiveCfg = Release|Any CPU
		{4A6E7EE6-BA1C-4660-90A1-369E48E43E4B}.Release|Any CPU.Build.0 = Release|Any CPU
		{A0CD2BDB-A652-46C0-AAB1-E61AD18892FD}.Debug|Any CPU.ActiveCfg = Debug|Any CPU
		{A0CD2BDB-A652-46C0-AAB1-E61AD18892FD}.Debug|Any CPU.Build.0 = Debug|Any CPU
		{A0CD2BDB-A652-46C0-AAB1-E61AD18892FD}.Release|Any CPU.ActiveCfg = Release|Any CPU
		{A0CD2BDB-A652-46C0-AAB1-E61AD18892FD}.Release|Any CPU.Build.0 = Release|Any CPU
		{C6B169B8-B0BB-44FA-8AFD-AFCF33941CD8}.Debug|Any CPU.ActiveCfg = Debug|Any CPU
		{C6B169B8-B0BB-44FA-8AFD-AFCF33941CD8}.Debug|Any CPU.Build.0 = Debug|Any CPU
		{C6B169B8-B0BB-44FA-8AFD-AFCF33941CD8}.Release|Any CPU.ActiveCfg = Release|Any CPU
		{C6B169B8-B0BB-44FA-8AFD-AFCF33941CD8}.Release|Any CPU.Build.0 = Release|Any CPU
		{6EC398E1-F6DA-43A7-807E-419A2774FFD8}.Debug|Any CPU.ActiveCfg = Debug|Any CPU
		{6EC398E1-F6DA-43A7-807E-419A2774FFD8}.Debug|Any CPU.Build.0 = Debug|Any CPU
		{6EC398E1-F6DA-43A7-807E-419A2774FFD8}.Release|Any CPU.ActiveCfg = Release|Any CPU
		{6EC398E1-F6DA-43A7-807E-419A2774FFD8}.Release|Any CPU.Build.0 = Release|Any CPU
		{CE0C74DC-B94B-4E31-9063-B19BF123FC48}.Debug|Any CPU.ActiveCfg = Debug|Any CPU
		{CE0C74DC-B94B-4E31-9063-B19BF123FC48}.Debug|Any CPU.Build.0 = Debug|Any CPU
		{CE0C74DC-B94B-4E31-9063-B19BF123FC48}.Release|Any CPU.ActiveCfg = Release|Any CPU
		{CE0C74DC-B94B-4E31-9063-B19BF123FC48}.Release|Any CPU.Build.0 = Release|Any CPU
	EndGlobalSection
	GlobalSection(SolutionProperties) = preSolution
		HideSolutionNode = FALSE
	EndGlobalSection
	GlobalSection(NestedProjects) = preSolution
		{61330A57-B0C8-4691-95CD-6925E15C6750} = {88AC2D7C-F4C9-4FD4-B3C9-7A052DE574E2}
		{BB55AB78-1497-458F-A739-A3C0EC42D85F} = {61330A57-B0C8-4691-95CD-6925E15C6750}
		{F8FFCD07-7935-4A08-8266-5946BD1CFF1A} = {88AC2D7C-F4C9-4FD4-B3C9-7A052DE574E2}
		{06990589-14EE-409C-969E-9EE151B44301} = {F8FFCD07-7935-4A08-8266-5946BD1CFF1A}
		{8C75DAD3-56FB-48C0-9E45-0E7B26A82A02} = {88AC2D7C-F4C9-4FD4-B3C9-7A052DE574E2}
		{834D6E73-FC4E-45E9-ADDC-54104C14B853} = {8C75DAD3-56FB-48C0-9E45-0E7B26A82A02}
		{673AB697-09AC-4118-8611-177F26C0F4AE} = {88AC2D7C-F4C9-4FD4-B3C9-7A052DE574E2}
		{7D97872B-9843-4FCF-8C65-3B21665E73CD} = {673AB697-09AC-4118-8611-177F26C0F4AE}
		{702A2BDE-5AE7-4F6D-94FA-8108D45FDE9A} = {88AC2D7C-F4C9-4FD4-B3C9-7A052DE574E2}
		{2DAD27FC-9DA9-4E9A-AE35-9B02812FF255} = {702A2BDE-5AE7-4F6D-94FA-8108D45FDE9A}
		{05374AAA-7290-41F6-8E33-4C431AE4DAEF} = {175382F6-6390-4919-85F2-3F34E16B9CF6}
		{649A3CB7-ACA7-4474-BCB7-310B7506056B} = {05374AAA-7290-41F6-8E33-4C431AE4DAEF}
		{4A6E7EE6-BA1C-4660-90A1-369E48E43E4B} = {05374AAA-7290-41F6-8E33-4C431AE4DAEF}
		{A0CD2BDB-A652-46C0-AAB1-E61AD18892FD} = {05374AAA-7290-41F6-8E33-4C431AE4DAEF}
		{C90F9738-D575-4854-B1B7-A9C6B042954E} = {175382F6-6390-4919-85F2-3F34E16B9CF6}
		{C6B169B8-B0BB-44FA-8AFD-AFCF33941CD8} = {C90F9738-D575-4854-B1B7-A9C6B042954E}
		{F85CBEDA-B4CE-4EC9-B2D4-AF849BD4795E} = {175382F6-6390-4919-85F2-3F34E16B9CF6}
		{6EC398E1-F6DA-43A7-807E-419A2774FFD8} = {F85CBEDA-B4CE-4EC9-B2D4-AF849BD4795E}
		{010BFF3D-C26E-4041-8A4A-1350452E435C} = {175382F6-6390-4919-85F2-3F34E16B9CF6}
		{CE0C74DC-B94B-4E31-9063-B19BF123FC48} = {010BFF3D-C26E-4041-8A4A-1350452E435C}
	EndGlobalSection
	GlobalSection(ExtensibilityGlobals) = postSolution
		SolutionGuid = {8234D1E7-72FA-4825-88CC-99B65DD7D98D}
	EndGlobalSection
EndGlobal
